
Microsoft Visual Studio Solution File, Format Version 12.00
# Visual Studio 14
VisualStudioVersion = 14.0.23107.0
MinimumVisualStudioVersion = 10.0.40219.1
Project("{FAE04EC0-301F-11D3-BF4B-00C04F79EFBC}") = "LumberJack", "ConsoleApplication1\LumberJack.csproj", "{04E4FE9A-B61A-4EF2-87E5-6DAE7EFAC99E}"
EndProject
Global
	GlobalSection(SolutionConfigurationPlatforms) = preSolution
		Debug|Any CPU = Debug|Any CPU
		Release|Any CPU = Release|Any CPU
	EndGlobalSection
	GlobalSection(ProjectConfigurationPlatforms) = postSolution
		{04E4FE9A-B61A-4EF2-87E5-6DAE7EFAC99E}.Debug|Any CPU.ActiveCfg = Debug|Any CPU
		{04E4FE9A-B61A-4EF2-87E5-6DAE7EFAC99E}.Debug|Any CPU.Build.0 = Debug|Any CPU
		{04E4FE9A-B61A-4EF2-87E5-6DAE7EFAC99E}.Release|Any CPU.ActiveCfg = Release|Any CPU
		{04E4FE9A-B61A-4EF2-87E5-6DAE7EFAC99E}.Release|Any CPU.Build.0 = Release|Any CPU
	EndGlobalSection
	GlobalSection(SolutionProperties) = preSolution
		HideSolutionNode = FALSE
	EndGlobalSection
EndGlobal
